
Microsoft Visual Studio Solution File, Format Version 12.00
# Visual Studio Version 16
VisualStudioVersion = 16.0.30011.22
MinimumVisualStudioVersion = 10.0.40219.1
Project("{9A19103F-16F7-4668-BE54-9A1E7A4F7556}") = "RPNCalculator.Tests", "RPNCalculator.Tests\RPNCalculator.Tests.csproj", "{B1988F1F-5E2A-4A4B-AD95-20920C66B446}"
EndProject
Project("{9A19103F-16F7-4668-BE54-9A1E7A4F7556}") = "RPNCalculator.App", "RPNCalculator.App\RPNCalculator.App.csproj", "{3806D325-A2BE-4087-872F-09730B4E641E}"
EndProject
Global
	GlobalSection(SolutionConfigurationPlatforms) = preSolution
		Debug|Any CPU = Debug|Any CPU
		Release|Any CPU = Release|Any CPU
	EndGlobalSection
	GlobalSection(ProjectConfigurationPlatforms) = postSolution
		{B1988F1F-5E2A-4A4B-AD95-20920C66B446}.Debug|Any CPU.ActiveCfg = Debug|Any CPU
		{B1988F1F-5E2A-4A4B-AD95-20920C66B446}.Debug|Any CPU.Build.0 = Debug|Any CPU
		{B1988F1F-5E2A-4A4B-AD95-20920C66B446}.Release|Any CPU.ActiveCfg = Release|Any CPU
		{B1988F1F-5E2A-4A4B-AD95-20920C66B446}.Release|Any CPU.Build.0 = Release|Any CPU
		{3806D325-A2BE-4087-872F-09730B4E641E}.Debug|Any CPU.ActiveCfg = Debug|Any CPU
		{3806D325-A2BE-4087-872F-09730B4E641E}.Debug|Any CPU.Build.0 = Debug|Any CPU
		{3806D325-A2BE-4087-872F-09730B4E641E}.Release|Any CPU.ActiveCfg = Release|Any CPU
		{3806D325-A2BE-4087-872F-09730B4E641E}.Release|Any CPU.Build.0 = Release|Any CPU
	EndGlobalSection
	GlobalSection(SolutionProperties) = preSolution
		HideSolutionNode = FALSE
	EndGlobalSection
	GlobalSection(ExtensibilityGlobals) = postSolution
		SolutionGuid = {1DDF7BFE-7BBE-4EBD-B0D5-B1FC68C8C96A}
	EndGlobalSection
EndGlobal
